
Microsoft Visual Studio Solution File, Format Version 12.00
# Visual Studio 15
VisualStudioVersion = 15.0.27703.2042
MinimumVisualStudioVersion = 10.0.40219.1
Project("{FAE04EC0-301F-11D3-BF4B-00C04F79EFBC}") = "WindowsFormsApp1", "WindowsFormsApp1\WindowsFormsApp1.csproj", "{CFFCEA29-D13D-4C1D-A5C9-CC8749CA5F88}"
EndProject
Global
	GlobalSection(SolutionConfigurationPlatforms) = preSolution
		Debug|Any CPU = Debug|Any CPU
		Release|Any CPU = Release|Any CPU
	EndGlobalSection
	GlobalSection(ProjectConfigurationPlatforms) = postSolution
		{CFFCEA29-D13D-4C1D-A5C9-CC8749CA5F88}.Debug|Any CPU.ActiveCfg = Debug|Any CPU
		{CFFCEA29-D13D-4C1D-A5C9-CC8749CA5F88}.Debug|Any CPU.Build.0 = Debug|Any CPU
		{CFFCEA29-D13D-4C1D-A5C9-CC8749CA5F88}.Release|Any CPU.ActiveCfg = Release|Any CPU
		{CFFCEA29-D13D-4C1D-A5C9-CC8749CA5F88}.Release|Any CPU.Build.0 = Release|Any CPU
	EndGlobalSection
	GlobalSection(SolutionProperties) = preSolution
		HideSolutionNode = FALSE
	EndGlobalSection
	GlobalSection(ExtensibilityGlobals) = postSolution
		SolutionGuid = {2F1D6CC7-36D8-45EE-98A9-644E44DA9B50}
	EndGlobalSection
EndGlobal
